
Microsoft Visual Studio Solution File, Format Version 12.00
# Visual Studio Version 17
VisualStudioVersion = 17.9.34723.18
MinimumVisualStudioVersion = 10.0.40219.1
Project("{FAE04EC0-301F-11D3-BF4B-00C04F79EFBC}") = "CoffeeCompanyMS", "CoffeeCompanyMS.csproj", "{1B33AF02-0D20-4C06-8247-E289607BEE8D}"
EndProject
Global
	GlobalSection(SolutionConfigurationPlatforms) = preSolution
		Debug|Any CPU = Debug|Any CPU
		Release|Any CPU = Release|Any CPU
	EndGlobalSection
	GlobalSection(ProjectConfigurationPlatforms) = postSolution
		{1B33AF02-0D20-4C06-8247-E289607BEE8D}.Debug|Any CPU.ActiveCfg = Debug|Any CPU
		{1B33AF02-0D20-4C06-8247-E289607BEE8D}.Debug|Any CPU.Build.0 = Debug|Any CPU
		{1B33AF02-0D20-4C06-8247-E289607BEE8D}.Release|Any CPU.ActiveCfg = Release|Any CPU
		{1B33AF02-0D20-4C06-8247-E289607BEE8D}.Release|Any CPU.Build.0 = Release|Any CPU
	EndGlobalSection
	GlobalSection(SolutionProperties) = preSolution
		HideSolutionNode = FALSE
	EndGlobalSection
	GlobalSection(ExtensibilityGlobals) = postSolution
		SolutionGuid = {52D328E7-D0D0-4015-AF48-85B2B51E92AE}
	EndGlobalSection
EndGlobal
